{
  "requires": true,
  "lockfileVersion": 1,
  "dependencies": {
    "moment": {
      "version": "2.22.2",
      "resolved": "https://registry.npmjs.org/moment/-/moment-2.22.2.tgz",
      "integrity": "sha1-PCV/mDn8DpP/UxSWMiOeuQeD/2Y="
    },
    "moment-random": {
      "version": "1.0.4",
      "resolved": "https://registry.npmjs.org/moment-random/-/moment-random-1.0.4.tgz",
      "integrity": "sha512-ZDDoN7H1du3sTdN6zfOm3vlS++135YuhvEabRg4gdAil6+WPn9x6EKHOsFK/baEqKsfODdUIBVOl9mOmwufBNg=="
    },
    "moment-round": {
      "version": "1.0.1",
      "resolved": "https://registry.npmjs.org/moment-round/-/moment-round-1.0.1.tgz",
      "integrity": "sha1-W68rdS6F0PaiJ8Chb2++EHwqLTk="
    }
  }
}
